{
  "name": "npm-import",
  "lockfileVersion": 3,
  "requires": true,
  "packages": {
    "": {
      "devDependencies": {
        "npm-package": "github:mozey/npm-package"
      }
    },
    "node_modules/npm-package": {
      "version": "1.0.0",
      "resolved": "git+ssh://git@github.com/mozey/npm-package.git#b802e9a73cf49e3eb8b961d9dc8cbedf0cd5383e",
      "dev": true,
      "license": "MIT"
    }
  }
}
